// !$*UTF8*$!
{
	archiveVersion = 1;
	classes = {
	};
	objectVersion = 51;
	objects = {

/* Begin PBXBuildFile section */
		421142B82415E58F00B71E07 /* AppDelegate.swift in Sources */ = {isa = PBXBuildFile; fileRef = 421142B72415E58F00B71E07 /* AppDelegate.swift */; };
		421142BF2415E58F00B71E07 /* Main.storyboard in Resources */ = {isa = PBXBuildFile; fileRef = 421142BD2415E58F00B71E07 /* Main.storyboard */; };
		421142C12415E59100B71E07 /* Assets.xcassets in Resources */ = {isa = PBXBuildFile; fileRef = 421142C02415E59100B71E07 /* Assets.xcassets */; };
		421142C42415E59100B71E07 /* LaunchScreen.storyboard in Resources */ = {isa = PBXBuildFile; fileRef = 421142C22415E59100B71E07 /* LaunchScreen.storyboard */; };
		421142CF2415E59200B71E07 /* QQFundation_SwiftTests.swift in Sources */ = {isa = PBXBuildFile; fileRef = 421142CE2415E59200B71E07 /* QQFundation_SwiftTests.swift */; };
		421142DA2415E59200B71E07 /* QQFundation_SwiftUITests.swift in Sources */ = {isa = PBXBuildFile; fileRef = 421142D92415E59200B71E07 /* QQFundation_SwiftUITests.swift */; };
		4256C32A2418BEBB00B08EBF /* testCell.swift in Sources */ = {isa = PBXBuildFile; fileRef = 4256C3292418BEBB00B08EBF /* testCell.swift */; };
		427A3B282419CA9B00FE162B /* QQTableViewManager.swift in Sources */ = {isa = PBXBuildFile; fileRef = 4256C32724188C7200B08EBF /* QQTableViewManager.swift */; };
		427A3B292419CA9B00FE162B /* QQTableViewItem.swift in Sources */ = {isa = PBXBuildFile; fileRef = 4256C3212418755100B08EBF /* QQTableViewItem.swift */; };
		427A3B2A2419CA9B00FE162B /* QQTableViewSection.swift in Sources */ = {isa = PBXBuildFile; fileRef = 4256C3232418756E00B08EBF /* QQTableViewSection.swift */; };
		427A3B2B2419CA9B00FE162B /* QQTableViewCell.swift in Sources */ = {isa = PBXBuildFile; fileRef = 4256C3252418757900B08EBF /* QQTableViewCell.swift */; };
		427A3B2D2419CFED00FE162B /* QQTableViewSecItem.swift in Sources */ = {isa = PBXBuildFile; fileRef = 427A3B2C2419CFED00FE162B /* QQTableViewSecItem.swift */; };
		427A3B2F2419D01200FE162B /* QQTableViewSecView.swift in Sources */ = {isa = PBXBuildFile; fileRef = 427A3B2E2419D01200FE162B /* QQTableViewSecView.swift */; };
		427A3B312419DAC000FE162B /* TestTTView.swift in Sources */ = {isa = PBXBuildFile; fileRef = 427A3B302419DAC000FE162B /* TestTTView.swift */; };
		427A3B332419EB9200FE162B /* oneCell.swift in Sources */ = {isa = PBXBuildFile; fileRef = 427A3B322419EB9200FE162B /* oneCell.swift */; };
		427A3B36241A2EB600FE162B /* QQTableView.swift in Sources */ = {isa = PBXBuildFile; fileRef = 427A3B35241A2EB600FE162B /* QQTableView.swift */; };
		427A3B39241A361200FE162B /* icon_em_al.png in Resources */ = {isa = PBXBuildFile; fileRef = 427A3B37241A361200FE162B /* icon_em_al.png */; };
		427A3B3A241A361200FE162B /* multi_network_error_icon@2x.png in Resources */ = {isa = PBXBuildFile; fileRef = 427A3B38241A361200FE162B /* multi_network_error_icon@2x.png */; };
		427A3B3C241B19A700FE162B /* SelfAware.swift in Sources */ = {isa = PBXBuildFile; fileRef = 427A3B3B241B19A700FE162B /* SelfAware.swift */; };
		427A3B41241B527C00FE162B /* UIView+Frame.swift in Sources */ = {isa = PBXBuildFile; fileRef = 427A3B40241B527C00FE162B /* UIView+Frame.swift */; };
		427A3B43241B613700FE162B /* UIButton+Chained.swift in Sources */ = {isa = PBXBuildFile; fileRef = 427A3B42241B613700FE162B /* UIButton+Chained.swift */; };
		427A3B45241B626600FE162B /* QQButton.swift in Sources */ = {isa = PBXBuildFile; fileRef = 427A3B44241B626600FE162B /* QQButton.swift */; };
		427A3B47241B7E7000FE162B /* UILabel+Chained.swift in Sources */ = {isa = PBXBuildFile; fileRef = 427A3B46241B7E7000FE162B /* UILabel+Chained.swift */; };
		428CC885244473D6007F42B1 /* QQTool.swift in Sources */ = {isa = PBXBuildFile; fileRef = 428CC884244473D6007F42B1 /* QQTool.swift */; };
		42C40D1F2451387100359796 /* UITabBar+MCBigItem.swift in Sources */ = {isa = PBXBuildFile; fileRef = 42C40D1E2451387100359796 /* UITabBar+MCBigItem.swift */; };
		42C40D222451388300359796 /* QQTabBarItem.swift in Sources */ = {isa = PBXBuildFile; fileRef = 42C40D202451388300359796 /* QQTabBarItem.swift */; };
		42C40D232451388300359796 /* tab_launch@2x.png in Resources */ = {isa = PBXBuildFile; fileRef = 42C40D212451388300359796 /* tab_launch@2x.png */; };
		42C40D252451389100359796 /* QQTabBarController.swift in Sources */ = {isa = PBXBuildFile; fileRef = 42C40D242451389100359796 /* QQTabBarController.swift */; };
		42DB5037245134CC0050869B /* HomeViewController.swift in Sources */ = {isa = PBXBuildFile; fileRef = 42DB5036245134CC0050869B /* HomeViewController.swift */; };
		42DB5039245134D40050869B /* MineViewController.swift in Sources */ = {isa = PBXBuildFile; fileRef = 42DB5038245134D40050869B /* MineViewController.swift */; };
		42DB503B245134E50050869B /* SearchViewController.swift in Sources */ = {isa = PBXBuildFile; fileRef = 42DB503A245134E50050869B /* SearchViewController.swift */; };
		6E37989829CD690200D3168D /* QYBaseViewController.swift in Sources */ = {isa = PBXBuildFile; fileRef = 6E37989729CD690200D3168D /* QYBaseViewController.swift */; };
		6E37989A29CD6B3D00D3168D /* BaseDefine.swift in Sources */ = {isa = PBXBuildFile; fileRef = 6E37989929CD6B3D00D3168D /* BaseDefine.swift */; };
		6E37989C29CD7A1300D3168D /* QYBaseNavViewController.swift in Sources */ = {isa = PBXBuildFile; fileRef = 6E37989B29CD7A1300D3168D /* QYBaseNavViewController.swift */; };
		6E37989F29CD8F7800D3168D /* QYBackNavViewController.swift in Sources */ = {isa = PBXBuildFile; fileRef = 6E37989E29CD8F7800D3168D /* QYBackNavViewController.swift */; };
		6E81F8EE29D3D8A5002C9FB8 /* QYTestHeightViewController.swift in Sources */ = {isa = PBXBuildFile; fileRef = 6E81F8EC29D3D8A5002C9FB8 /* QYTestHeightViewController.swift */; };
		6E81F8EF29D3D8A5002C9FB8 /* QYTestHeightViewController.xib in Resources */ = {isa = PBXBuildFile; fileRef = 6E81F8ED29D3D8A5002C9FB8 /* QYTestHeightViewController.xib */; };
		6E81F92E29D44E12002C9FB8 /* StackViewCell.swift in Sources */ = {isa = PBXBuildFile; fileRef = 6E81F92C29D44E12002C9FB8 /* StackViewCell.swift */; };
		6E81F92F29D44E12002C9FB8 /* StackViewCell.xib in Resources */ = {isa = PBXBuildFile; fileRef = 6E81F92D29D44E12002C9FB8 /* StackViewCell.xib */; };
		6E81F93229D51CEB002C9FB8 /* QYCollectionView.swift in Sources */ = {isa = PBXBuildFile; fileRef = 6E81F93129D51CEB002C9FB8 /* QYCollectionView.swift */; };
		6E81F93529D51D44002C9FB8 /* QYCollectionViewManager.swift in Sources */ = {isa = PBXBuildFile; fileRef = 6E81F93429D51D44002C9FB8 /* QYCollectionViewManager.swift */; };
		6E81F93729D51E9F002C9FB8 /* QYCollectionViewItem.swift in Sources */ = {isa = PBXBuildFile; fileRef = 6E81F93629D51E9F002C9FB8 /* QYCollectionViewItem.swift */; };
		6E81F93929D51EB9002C9FB8 /* QYCollectionViewCell.swift in Sources */ = {isa = PBXBuildFile; fileRef = 6E81F93829D51EB9002C9FB8 /* QYCollectionViewCell.swift */; };
		6E81F93B29D5357F002C9FB8 /* QYCollectionViewSection.swift in Sources */ = {isa = PBXBuildFile; fileRef = 6E81F93A29D5357F002C9FB8 /* QYCollectionViewSection.swift */; };
		6E81F93D29D53B72002C9FB8 /* QYCollectionReusableView.swift in Sources */ = {isa = PBXBuildFile; fileRef = 6E81F93C29D53B72002C9FB8 /* QYCollectionReusableView.swift */; };
		6E81F93F29D54FF7002C9FB8 /* CollectionViewCell.swift in Sources */ = {isa = PBXBuildFile; fileRef = 6E81F93E29D54FF7002C9FB8 /* CollectionViewCell.swift */; };
		6ECAEB1629D55AC80060AF00 /* QYCollectionReusableItem.swift in Sources */ = {isa = PBXBuildFile; fileRef = 6ECAEB1529D55AC80060AF00 /* QYCollectionReusableItem.swift */; };
		6ECAEB1829D5608F0060AF00 /* CollectionReusableView.swift in Sources */ = {isa = PBXBuildFile; fileRef = 6ECAEB1729D5608F0060AF00 /* CollectionReusableView.swift */; };
		6ECAEB1A29D566A80060AF00 /* CollectionReusableTwoView.swift in Sources */ = {isa = PBXBuildFile; fileRef = 6ECAEB1929D566A80060AF00 /* CollectionReusableTwoView.swift */; };
		6EE7DE4C29D12EAE00AA5FE5 /* QYTestLazyViewController.swift in Sources */ = {isa = PBXBuildFile; fileRef = 6EE7DE4B29D12EAE00AA5FE5 /* QYTestLazyViewController.swift */; };
		6EE7DE5529D1779300AA5FE5 /* QYNetManager.swift in Sources */ = {isa = PBXBuildFile; fileRef = 6EE7DE5429D1779300AA5FE5 /* QYNetManager.swift */; };
		6EE7DE5829D2CC1C00AA5FE5 /* yuanerM.jpeg in Resources */ = {isa = PBXBuildFile; fileRef = 6EE7DE5729D2CC1C00AA5FE5 /* yuanerM.jpeg */; };
		A1D24C5572AAD71111F5508E /* Pods_QQFundation_Swift.framework in Frameworks */ = {isa = PBXBuildFile; fileRef = 496D9601C4BD8CBA37B79A04 /* Pods_QQFundation_Swift.framework */; };
		D0BC3A3C34C1C03D0AACEBAF /* Pods_QQFundation_SwiftTests.framework in Frameworks */ = {isa = PBXBuildFile; fileRef = A1E9C5192F695F4903C9DBFE /* Pods_QQFundation_SwiftTests.framework */; };
		EE1FB99E223C7422F2C357B3 /* Pods_QQFundation_Swift_QQFundation_SwiftUITests.framework in Frameworks */ = {isa = PBXBuildFile; fileRef = F5058F4714CF7CB57C5AAE70 /* Pods_QQFundation_Swift_QQFundation_SwiftUITests.framework */; };
/* End PBXBuildFile section */

/* Begin PBXContainerItemProxy section */
		421142CB2415E59200B71E07 /* PBXContainerItemProxy */ = {
			isa = PBXContainerItemProxy;
			containerPortal = 421142AC2415E58F00B71E07 /* Project object */;
			proxyType = 1;
			remoteGlobalIDString = 421142B32415E58F00B71E07;
			remoteInfo = "QQFundation-Swift";
		};
		421142D62415E59200B71E07 /* PBXContainerItemProxy */ = {
			isa = PBXContainerItemProxy;
			containerPortal = 421142AC2415E58F00B71E07 /* Project object */;
			proxyType = 1;
			remoteGlobalIDString = 421142B32415E58F00B71E07;
			remoteInfo = "QQFundation-Swift";
		};
/* End PBXContainerItemProxy section */

/* Begin PBXFileReference section */
		1C9CA18559204003745AD036 /* Pods-QQFundation-SwiftTests.release.xcconfig */ = {isa = PBXFileReference; includeInIndex = 1; lastKnownFileType = text.xcconfig; name = "Pods-QQFundation-SwiftTests.release.xcconfig"; path = "Target Support Files/Pods-QQFundation-SwiftTests/Pods-QQFundation-SwiftTests.release.xcconfig"; sourceTree = "<group>"; };
		23FFDF1AB9BDE15F4CE78118 /* Pods-QQFundation-Swift-QQFundation-SwiftUITests.release.xcconfig */ = {isa = PBXFileReference; includeInIndex = 1; lastKnownFileType = text.xcconfig; name = "Pods-QQFundation-Swift-QQFundation-SwiftUITests.release.xcconfig"; path = "Target Support Files/Pods-QQFundation-Swift-QQFundation-SwiftUITests/Pods-QQFundation-Swift-QQFundation-SwiftUITests.release.xcconfig"; sourceTree = "<group>"; };
		2D23A86189517CA26F21555B /* Pods-QQFundation-Swift-QQFundation-SwiftUITests.debug.xcconfig */ = {isa = PBXFileReference; includeInIndex = 1; lastKnownFileType = text.xcconfig; name = "Pods-QQFundation-Swift-QQFundation-SwiftUITests.debug.xcconfig"; path = "Target Support Files/Pods-QQFundation-Swift-QQFundation-SwiftUITests/Pods-QQFundation-Swift-QQFundation-SwiftUITests.debug.xcconfig"; sourceTree = "<group>"; };
		421142B42415E58F00B71E07 /* QQFundation-Swift.app */ = {isa = PBXFileReference; explicitFileType = wrapper.application; includeInIndex = 0; path = "QQFundation-Swift.app"; sourceTree = BUILT_PRODUCTS_DIR; };
		421142B72415E58F00B71E07 /* AppDelegate.swift */ = {isa = PBXFileReference; lastKnownFileType = sourcecode.swift; path = AppDelegate.swift; sourceTree = "<group>"; };
		421142BE2415E58F00B71E07 /* Base */ = {isa = PBXFileReference; lastKnownFileType = file.storyboard; name = Base; path = Base.lproj/Main.storyboard; sourceTree = "<group>"; };
		421142C02415E59100B71E07 /* Assets.xcassets */ = {isa = PBXFileReference; lastKnownFileType = folder.assetcatalog; path = Assets.xcassets; sourceTree = "<group>"; };
		421142C32415E59100B71E07 /* Base */ = {isa = PBXFileReference; lastKnownFileType = file.storyboard; name = Base; path = Base.lproj/LaunchScreen.storyboard; sourceTree = "<group>"; };
		421142C52415E59100B71E07 /* Info.plist */ = {isa = PBXFileReference; lastKnownFileType = text.plist.xml; path = Info.plist; sourceTree = "<group>"; };
		421142CA2415E59200B71E07 /* QQFundation-SwiftTests.xctest */ = {isa = PBXFileReference; explicitFileType = wrapper.cfbundle; includeInIndex = 0; path = "QQFundation-SwiftTests.xctest"; sourceTree = BUILT_PRODUCTS_DIR; };
		421142CE2415E59200B71E07 /* QQFundation_SwiftTests.swift */ = {isa = PBXFileReference; lastKnownFileType = sourcecode.swift; path = QQFundation_SwiftTests.swift; sourceTree = "<group>"; };
		421142D02415E59200B71E07 /* Info.plist */ = {isa = PBXFileReference; lastKnownFileType = text.plist.xml; path = Info.plist; sourceTree = "<group>"; };
		421142D52415E59200B71E07 /* QQFundation-SwiftUITests.xctest */ = {isa = PBXFileReference; explicitFileType = wrapper.cfbundle; includeInIndex = 0; path = "QQFundation-SwiftUITests.xctest"; sourceTree = BUILT_PRODUCTS_DIR; };
		421142D92415E59200B71E07 /* QQFundation_SwiftUITests.swift */ = {isa = PBXFileReference; lastKnownFileType = sourcecode.swift; path = QQFundation_SwiftUITests.swift; sourceTree = "<group>"; };
		421142DB2415E59200B71E07 /* Info.plist */ = {isa = PBXFileReference; lastKnownFileType = text.plist.xml; path = Info.plist; sourceTree = "<group>"; };
		4256C3212418755100B08EBF /* QQTableViewItem.swift */ = {isa = PBXFileReference; lastKnownFileType = sourcecode.swift; path = QQTableViewItem.swift; sourceTree = "<group>"; };
		4256C3232418756E00B08EBF /* QQTableViewSection.swift */ = {isa = PBXFileReference; lastKnownFileType = sourcecode.swift; path = QQTableViewSection.swift; sourceTree = "<group>"; };
		4256C3252418757900B08EBF /* QQTableViewCell.swift */ = {isa = PBXFileReference; lastKnownFileType = sourcecode.swift; path = QQTableViewCell.swift; sourceTree = "<group>"; };
		4256C32724188C7200B08EBF /* QQTableViewManager.swift */ = {isa = PBXFileReference; lastKnownFileType = sourcecode.swift; path = QQTableViewManager.swift; sourceTree = "<group>"; };
		4256C3292418BEBB00B08EBF /* testCell.swift */ = {isa = PBXFileReference; lastKnownFileType = sourcecode.swift; path = testCell.swift; sourceTree = "<group>"; };
		427A3B2C2419CFED00FE162B /* QQTableViewSecItem.swift */ = {isa = PBXFileReference; lastKnownFileType = sourcecode.swift; path = QQTableViewSecItem.swift; sourceTree = "<group>"; };
		427A3B2E2419D01200FE162B /* QQTableViewSecView.swift */ = {isa = PBXFileReference; lastKnownFileType = sourcecode.swift; path = QQTableViewSecView.swift; sourceTree = "<group>"; };
		427A3B302419DAC000FE162B /* TestTTView.swift */ = {isa = PBXFileReference; lastKnownFileType = sourcecode.swift; path = TestTTView.swift; sourceTree = "<group>"; };
		427A3B322419EB9200FE162B /* oneCell.swift */ = {isa = PBXFileReference; lastKnownFileType = sourcecode.swift; path = oneCell.swift; sourceTree = "<group>"; };
		427A3B35241A2EB600FE162B /* QQTableView.swift */ = {isa = PBXFileReference; lastKnownFileType = sourcecode.swift; path = QQTableView.swift; sourceTree = "<group>"; };
		427A3B37241A361200FE162B /* icon_em_al.png */ = {isa = PBXFileReference; lastKnownFileType = image.png; path = icon_em_al.png; sourceTree = "<group>"; };
		427A3B38241A361200FE162B /* multi_network_error_icon@2x.png */ = {isa = PBXFileReference; lastKnownFileType = image.png; path = "multi_network_error_icon@2x.png"; sourceTree = "<group>"; };
		427A3B3B241B19A700FE162B /* SelfAware.swift */ = {isa = PBXFileReference; lastKnownFileType = sourcecode.swift; path = SelfAware.swift; sourceTree = "<group>"; };
		427A3B40241B527C00FE162B /* UIView+Frame.swift */ = {isa = PBXFileReference; lastKnownFileType = sourcecode.swift; path = "UIView+Frame.swift"; sourceTree = "<group>"; };
		427A3B42241B613700FE162B /* UIButton+Chained.swift */ = {isa = PBXFileReference; fileEncoding = 4; lastKnownFileType = sourcecode.swift; path = "UIButton+Chained.swift"; sourceTree = "<group>"; };
		427A3B44241B626600FE162B /* QQButton.swift */ = {isa = PBXFileReference; lastKnownFileType = sourcecode.swift; path = QQButton.swift; sourceTree = "<group>"; };
		427A3B46241B7E7000FE162B /* UILabel+Chained.swift */ = {isa = PBXFileReference; lastKnownFileType = sourcecode.swift; path = "UILabel+Chained.swift"; sourceTree = "<group>"; };
		428CC87124446440007F42B1 /* QQFundation-Swift-Bridging-Header.h */ = {isa = PBXFileReference; lastKnownFileType = sourcecode.c.h; path = "QQFundation-Swift-Bridging-Header.h"; sourceTree = "<group>"; };
		428CC884244473D6007F42B1 /* QQTool.swift */ = {isa = PBXFileReference; lastKnownFileType = sourcecode.swift; path = QQTool.swift; sourceTree = "<group>"; };
		42C40D1E2451387100359796 /* UITabBar+MCBigItem.swift */ = {isa = PBXFileReference; fileEncoding = 4; lastKnownFileType = sourcecode.swift; path = "UITabBar+MCBigItem.swift"; sourceTree = "<group>"; };
		42C40D202451388300359796 /* QQTabBarItem.swift */ = {isa = PBXFileReference; fileEncoding = 4; lastKnownFileType = sourcecode.swift; path = QQTabBarItem.swift; sourceTree = "<group>"; };
		42C40D212451388300359796 /* tab_launch@2x.png */ = {isa = PBXFileReference; lastKnownFileType = image.png; path = "tab_launch@2x.png"; sourceTree = "<group>"; };
		42C40D242451389100359796 /* QQTabBarController.swift */ = {isa = PBXFileReference; fileEncoding = 4; lastKnownFileType = sourcecode.swift; path = QQTabBarController.swift; sourceTree = "<group>"; };
		42DB5036245134CC0050869B /* HomeViewController.swift */ = {isa = PBXFileReference; lastKnownFileType = sourcecode.swift; path = HomeViewController.swift; sourceTree = "<group>"; };
		42DB5038245134D40050869B /* MineViewController.swift */ = {isa = PBXFileReference; lastKnownFileType = sourcecode.swift; path = MineViewController.swift; sourceTree = "<group>"; };
		42DB503A245134E50050869B /* SearchViewController.swift */ = {isa = PBXFileReference; lastKnownFileType = sourcecode.swift; path = SearchViewController.swift; sourceTree = "<group>"; };
		496D9601C4BD8CBA37B79A04 /* Pods_QQFundation_Swift.framework */ = {isa = PBXFileReference; explicitFileType = wrapper.framework; includeInIndex = 0; path = Pods_QQFundation_Swift.framework; sourceTree = BUILT_PRODUCTS_DIR; };
		6E37989729CD690200D3168D /* QYBaseViewController.swift */ = {isa = PBXFileReference; lastKnownFileType = sourcecode.swift; path = QYBaseViewController.swift; sourceTree = "<group>"; };
		6E37989929CD6B3D00D3168D /* BaseDefine.swift */ = {isa = PBXFileReference; lastKnownFileType = sourcecode.swift; path = BaseDefine.swift; sourceTree = "<group>"; };
		6E37989B29CD7A1300D3168D /* QYBaseNavViewController.swift */ = {isa = PBXFileReference; lastKnownFileType = sourcecode.swift; path = QYBaseNavViewController.swift; sourceTree = "<group>"; };
		6E37989E29CD8F7800D3168D /* QYBackNavViewController.swift */ = {isa = PBXFileReference; lastKnownFileType = sourcecode.swift; path = QYBackNavViewController.swift; sourceTree = "<group>"; };
		6E81F8EC29D3D8A5002C9FB8 /* QYTestHeightViewController.swift */ = {isa = PBXFileReference; lastKnownFileType = sourcecode.swift; path = QYTestHeightViewController.swift; sourceTree = "<group>"; };
		6E81F8ED29D3D8A5002C9FB8 /* QYTestHeightViewController.xib */ = {isa = PBXFileReference; lastKnownFileType = file.xib; path = QYTestHeightViewController.xib; sourceTree = "<group>"; };
		6E81F92C29D44E12002C9FB8 /* StackViewCell.swift */ = {isa = PBXFileReference; lastKnownFileType = sourcecode.swift; path = StackViewCell.swift; sourceTree = "<group>"; };
		6E81F92D29D44E12002C9FB8 /* StackViewCell.xib */ = {isa = PBXFileReference; lastKnownFileType = file.xib; path = StackViewCell.xib; sourceTree = "<group>"; };
		6E81F93129D51CEB002C9FB8 /* QYCollectionView.swift */ = {isa = PBXFileReference; lastKnownFileType = sourcecode.swift; path = QYCollectionView.swift; sourceTree = "<group>"; };
		6E81F93429D51D44002C9FB8 /* QYCollectionViewManager.swift */ = {isa = PBXFileReference; lastKnownFileType = sourcecode.swift; path = QYCollectionViewManager.swift; sourceTree = "<group>"; };
		6E81F93629D51E9F002C9FB8 /* QYCollectionViewItem.swift */ = {isa = PBXFileReference; lastKnownFileType = sourcecode.swift; path = QYCollectionViewItem.swift; sourceTree = "<group>"; };
		6E81F93829D51EB9002C9FB8 /* QYCollectionViewCell.swift */ = {isa = PBXFileReference; lastKnownFileType = sourcecode.swift; path = QYCollectionViewCell.swift; sourceTree = "<group>"; };
		6E81F93A29D5357F002C9FB8 /* QYCollectionViewSection.swift */ = {isa = PBXFileReference; lastKnownFileType = sourcecode.swift; path = QYCollectionViewSection.swift; sourceTree = "<group>"; };
		6E81F93C29D53B72002C9FB8 /* QYCollectionReusableView.swift */ = {isa = PBXFileReference; lastKnownFileType = sourcecode.swift; path = QYCollectionReusableView.swift; sourceTree = "<group>"; };
		6E81F93E29D54FF7002C9FB8 /* CollectionViewCell.swift */ = {isa = PBXFileReference; lastKnownFileType = sourcecode.swift; path = CollectionViewCell.swift; sourceTree = "<group>"; };
		6ECAEB1529D55AC80060AF00 /* QYCollectionReusableItem.swift */ = {isa = PBXFileReference; lastKnownFileType = sourcecode.swift; path = QYCollectionReusableItem.swift; sourceTree = "<group>"; };
		6ECAEB1729D5608F0060AF00 /* CollectionReusableView.swift */ = {isa = PBXFileReference; lastKnownFileType = sourcecode.swift; path = CollectionReusableView.swift; sourceTree = "<group>"; };
		6ECAEB1929D566A80060AF00 /* CollectionReusableTwoView.swift */ = {isa = PBXFileReference; lastKnownFileType = sourcecode.swift; path = CollectionReusableTwoView.swift; sourceTree = "<group>"; };
		6EE7DE4B29D12EAE00AA5FE5 /* QYTestLazyViewController.swift */ = {isa = PBXFileReference; lastKnownFileType = sourcecode.swift; path = QYTestLazyViewController.swift; sourceTree = "<group>"; };
		6EE7DE5429D1779300AA5FE5 /* QYNetManager.swift */ = {isa = PBXFileReference; lastKnownFileType = sourcecode.swift; path = QYNetManager.swift; sourceTree = "<group>"; };
		6EE7DE5729D2CC1C00AA5FE5 /* yuanerM.jpeg */ = {isa = PBXFileReference; lastKnownFileType = image.jpeg; path = yuanerM.jpeg; sourceTree = "<group>"; };
		A1E9C5192F695F4903C9DBFE /* Pods_QQFundation_SwiftTests.framework */ = {isa = PBXFileReference; explicitFileType = wrapper.framework; includeInIndex = 0; path = Pods_QQFundation_SwiftTests.framework; sourceTree = BUILT_PRODUCTS_DIR; };
		BEBEAB89392D7A21CC6DC90F /* Pods-QQFundation-Swift.release.xcconfig */ = {isa = PBXFileReference; includeInIndex = 1; lastKnownFileType = text.xcconfig; name = "Pods-QQFundation-Swift.release.xcconfig"; path = "Target Support Files/Pods-QQFundation-Swift/Pods-QQFundation-Swift.release.xcconfig"; sourceTree = "<group>"; };
		C02D96EDFBE5DCDCF7D99E70 /* Pods-QQFundation-Swift.debug.xcconfig */ = {isa = PBXFileReference; includeInIndex = 1; lastKnownFileType = text.xcconfig; name = "Pods-QQFundation-Swift.debug.xcconfig"; path = "Target Support Files/Pods-QQFundation-Swift/Pods-QQFundation-Swift.debug.xcconfig"; sourceTree = "<group>"; };
		CE464B38D2AFC8779E8A29A4 /* Pods-QQFundation-SwiftTests.debug.xcconfig */ = {isa = PBXFileReference; includeInIndex = 1; lastKnownFileType = text.xcconfig; name = "Pods-QQFundation-SwiftTests.debug.xcconfig"; path = "Target Support Files/Pods-QQFundation-SwiftTests/Pods-QQFundation-SwiftTests.debug.xcconfig"; sourceTree = "<group>"; };
		F5058F4714CF7CB57C5AAE70 /* Pods_QQFundation_Swift_QQFundation_SwiftUITests.framework */ = {isa = PBXFileReference; explicitFileType = wrapper.framework; includeInIndex = 0; path = Pods_QQFundation_Swift_QQFundation_SwiftUITests.framework; sourceTree = BUILT_PRODUCTS_DIR; };
/* End PBXFileReference section */

/* Begin PBXFrameworksBuildPhase section */
		421142B12415E58F00B71E07 /* Frameworks */ = {
			isa = PBXFrameworksBuildPhase;
			buildActionMask = 2147483647;
			files = (
				A1D24C5572AAD71111F5508E /* Pods_QQFundation_Swift.framework in Frameworks */,
			);
			runOnlyForDeploymentPostprocessing = 0;
		};
		421142C72415E59100B71E07 /* Frameworks */ = {
			isa = PBXFrameworksBuildPhase;
			buildActionMask = 2147483647;
			files = (
				D0BC3A3C34C1C03D0AACEBAF /* Pods_QQFundation_SwiftTests.framework in Frameworks */,
			);
			runOnlyForDeploymentPostprocessing = 0;
		};
		421142D22415E59200B71E07 /* Frameworks */ = {
			isa = PBXFrameworksBuildPhase;
			buildActionMask = 2147483647;
			files = (
				EE1FB99E223C7422F2C357B3 /* Pods_QQFundation_Swift_QQFundation_SwiftUITests.framework in Frameworks */,
			);
			runOnlyForDeploymentPostprocessing = 0;
		};
/* End PBXFrameworksBuildPhase section */

/* Begin PBXGroup section */
		421142AB2415E58F00B71E07 = {
			isa = PBXGroup;
			children = (
				421142B62415E58F00B71E07 /* QQFundation-Swift */,
				421142CD2415E59200B71E07 /* QQFundation-SwiftTests */,
				421142D82415E59200B71E07 /* QQFundation-SwiftUITests */,
				421142B52415E58F00B71E07 /* Products */,
				C67DF2E817D59F95A0647978 /* Pods */,
				B8833227DAF63864FD2F2E47 /* Frameworks */,
			);
			sourceTree = "<group>";
		};
		421142B52415E58F00B71E07 /* Products */ = {
			isa = PBXGroup;
			children = (
				421142B42415E58F00B71E07 /* QQFundation-Swift.app */,
				421142CA2415E59200B71E07 /* QQFundation-SwiftTests.xctest */,
				421142D52415E59200B71E07 /* QQFundation-SwiftUITests.xctest */,
			);
			name = Products;
			sourceTree = "<group>";
		};
		421142B62415E58F00B71E07 /* QQFundation-Swift */ = {
			isa = PBXGroup;
			children = (
				6E81F93329D51D10002C9FB8 /* QYCollectionViewManager */,
				6E81F93029D51CBE002C9FB8 /* QYCollectionview */,
				6EE7DE5029D1608200AA5FE5 /* QYNetManager */,
				42DB502F245041BC0050869B /* Base */,
				428CC87F2444716C007F42B1 /* core */,
				427A3B3D241B351900FE162B /* MCChained */,
				427A3B34241A2E8F00FE162B /* QQTableView */,
				427A3B272419C6FA00FE162B /* QQTableViewManager */,
				4256C32B2418CEF900B08EBF /* cell */,
				421142B72415E58F00B71E07 /* AppDelegate.swift */,
				6E37989D29CD8F5100D3168D /* home */,
				42DB5038245134D40050869B /* MineViewController.swift */,
				42DB503A245134E50050869B /* SearchViewController.swift */,
				421142BD2415E58F00B71E07 /* Main.storyboard */,
				421142C02415E59100B71E07 /* Assets.xcassets */,
				421142C22415E59100B71E07 /* LaunchScreen.storyboard */,
				421142C52415E59100B71E07 /* Info.plist */,
			);
			path = "QQFundation-Swift";
			sourceTree = "<group>";
		};
		421142CD2415E59200B71E07 /* QQFundation-SwiftTests */ = {
			isa = PBXGroup;
			children = (
				421142CE2415E59200B71E07 /* QQFundation_SwiftTests.swift */,
				421142D02415E59200B71E07 /* Info.plist */,
			);
			path = "QQFundation-SwiftTests";
			sourceTree = "<group>";
		};
		421142D82415E59200B71E07 /* QQFundation-SwiftUITests */ = {
			isa = PBXGroup;
			children = (
				421142D92415E59200B71E07 /* QQFundation_SwiftUITests.swift */,
				421142DB2415E59200B71E07 /* Info.plist */,
			);
			path = "QQFundation-SwiftUITests";
			sourceTree = "<group>";
		};
		4256C32B2418CEF900B08EBF /* cell */ = {
			isa = PBXGroup;
			children = (
				4256C3292418BEBB00B08EBF /* testCell.swift */,
				6E81F92C29D44E12002C9FB8 /* StackViewCell.swift */,
				6E81F92D29D44E12002C9FB8 /* StackViewCell.xib */,
				427A3B322419EB9200FE162B /* oneCell.swift */,
				427A3B302419DAC000FE162B /* TestTTView.swift */,
				6E81F93E29D54FF7002C9FB8 /* CollectionViewCell.swift */,
				6ECAEB1729D5608F0060AF00 /* CollectionReusableView.swift */,
				6ECAEB1929D566A80060AF00 /* CollectionReusableTwoView.swift */,
			);
			path = cell;
			sourceTree = "<group>";
		};
		427A3B272419C6FA00FE162B /* QQTableViewManager */ = {
			isa = PBXGroup;
			children = (
				4256C32724188C7200B08EBF /* QQTableViewManager.swift */,
				4256C3212418755100B08EBF /* QQTableViewItem.swift */,
				4256C3232418756E00B08EBF /* QQTableViewSection.swift */,
				4256C3252418757900B08EBF /* QQTableViewCell.swift */,
				427A3B2C2419CFED00FE162B /* QQTableViewSecItem.swift */,
				427A3B2E2419D01200FE162B /* QQTableViewSecView.swift */,
			);
			path = QQTableViewManager;
			sourceTree = "<group>";
		};
		427A3B34241A2E8F00FE162B /* QQTableView */ = {
			isa = PBXGroup;
			children = (
				427A3B37241A361200FE162B /* icon_em_al.png */,
				427A3B38241A361200FE162B /* multi_network_error_icon@2x.png */,
				427A3B35241A2EB600FE162B /* QQTableView.swift */,
				427A3B3B241B19A700FE162B /* SelfAware.swift */,
				428CC87124446440007F42B1 /* QQFundation-Swift-Bridging-Header.h */,
			);
			path = QQTableView;
			sourceTree = "<group>";
		};
		427A3B3D241B351900FE162B /* MCChained */ = {
			isa = PBXGroup;
			children = (
				427A3B42241B613700FE162B /* UIButton+Chained.swift */,
				427A3B46241B7E7000FE162B /* UILabel+Chained.swift */,
				427A3B44241B626600FE162B /* QQButton.swift */,
				427A3B40241B527C00FE162B /* UIView+Frame.swift */,
			);
			path = MCChained;
			sourceTree = "<group>";
		};
		428CC87F2444716C007F42B1 /* core */ = {
			isa = PBXGroup;
			children = (
				428CC884244473D6007F42B1 /* QQTool.swift */,
			);
			path = core;
			sourceTree = "<group>";
		};
		42DB502F245041BC0050869B /* Base */ = {
			isa = PBXGroup;
			children = (
				6EE7DE4D29D1440D00AA5FE5 /* tabbar */,
				6E37989729CD690200D3168D /* QYBaseViewController.swift */,
				6E37989B29CD7A1300D3168D /* QYBaseNavViewController.swift */,
				6E37989929CD6B3D00D3168D /* BaseDefine.swift */,
			);
			path = Base;
			sourceTree = "<group>";
		};
		6E37989D29CD8F5100D3168D /* home */ = {
			isa = PBXGroup;
			children = (
				42DB5036245134CC0050869B /* HomeViewController.swift */,
				6E37989E29CD8F7800D3168D /* QYBackNavViewController.swift */,
				6EE7DE4B29D12EAE00AA5FE5 /* QYTestLazyViewController.swift */,
				6E81F8EC29D3D8A5002C9FB8 /* QYTestHeightViewController.swift */,
				6E81F8ED29D3D8A5002C9FB8 /* QYTestHeightViewController.xib */,
			);
			path = home;
			sourceTree = "<group>";
		};
		6E81F93029D51CBE002C9FB8 /* QYCollectionview */ = {
			isa = PBXGroup;
			children = (
				6E81F93129D51CEB002C9FB8 /* QYCollectionView.swift */,
			);
			path = QYCollectionview;
			sourceTree = "<group>";
		};
		6E81F93329D51D10002C9FB8 /* QYCollectionViewManager */ = {
			isa = PBXGroup;
			children = (
				6E81F93429D51D44002C9FB8 /* QYCollectionViewManager.swift */,
				6E81F93629D51E9F002C9FB8 /* QYCollectionViewItem.swift */,
				6E81F93829D51EB9002C9FB8 /* QYCollectionViewCell.swift */,
				6E81F93A29D5357F002C9FB8 /* QYCollectionViewSection.swift */,
				6E81F93C29D53B72002C9FB8 /* QYCollectionReusableView.swift */,
				6ECAEB1529D55AC80060AF00 /* QYCollectionReusableItem.swift */,
			);
			path = QYCollectionViewManager;
			sourceTree = "<group>";
		};
		6EE7DE4D29D1440D00AA5FE5 /* tabbar */ = {
			isa = PBXGroup;
			children = (
				42C40D242451389100359796 /* QQTabBarController.swift */,
				42C40D202451388300359796 /* QQTabBarItem.swift */,
				42C40D212451388300359796 /* tab_launch@2x.png */,
				42C40D1E2451387100359796 /* UITabBar+MCBigItem.swift */,
			);
			path = tabbar;
			sourceTree = "<group>";
		};
		6EE7DE5029D1608200AA5FE5 /* QYNetManager */ = {
			isa = PBXGroup;
			children = (
				6EE7DE5329D1750100AA5FE5 /* HUD */,
				6EE7DE5429D1779300AA5FE5 /* QYNetManager.swift */,
				6EE7DE5729D2CC1C00AA5FE5 /* yuanerM.jpeg */,
			);
			path = QYNetManager;
			sourceTree = "<group>";
		};
		6EE7DE5329D1750100AA5FE5 /* HUD */ = {
			isa = PBXGroup;
			children = (
			);
			path = HUD;
			sourceTree = "<group>";
		};
		B8833227DAF63864FD2F2E47 /* Frameworks */ = {
			isa = PBXGroup;
			children = (
				496D9601C4BD8CBA37B79A04 /* Pods_QQFundation_Swift.framework */,
				F5058F4714CF7CB57C5AAE70 /* Pods_QQFundation_Swift_QQFundation_SwiftUITests.framework */,
				A1E9C5192F695F4903C9DBFE /* Pods_QQFundation_SwiftTests.framework */,
			);
			name = Frameworks;
			sourceTree = "<group>";
		};
		C67DF2E817D59F95A0647978 /* Pods */ = {
			isa = PBXGroup;
			children = (
				C02D96EDFBE5DCDCF7D99E70 /* Pods-QQFundation-Swift.debug.xcconfig */,
				BEBEAB89392D7A21CC6DC90F /* Pods-QQFundation-Swift.release.xcconfig */,
				2D23A86189517CA26F21555B /* Pods-QQFundation-Swift-QQFundation-SwiftUITests.debug.xcconfig */,
				23FFDF1AB9BDE15F4CE78118 /* Pods-QQFundation-Swift-QQFundation-SwiftUITests.release.xcconfig */,
				CE464B38D2AFC8779E8A29A4 /* Pods-QQFundation-SwiftTests.debug.xcconfig */,
				1C9CA18559204003745AD036 /* Pods-QQFundation-SwiftTests.release.xcconfig */,
			);
			path = Pods;
			sourceTree = "<group>";
		};
/* End PBXGroup section */

/* Begin PBXNativeTarget section */
		421142B32415E58F00B71E07 /* QQFundation-Swift */ = {
			isa = PBXNativeTarget;
			buildConfigurationList = 421142DE2415E59200B71E07 /* Build configuration list for PBXNativeTarget "QQFundation-Swift" */;
			buildPhases = (
				BF64B374A514298C9099D4E4 /* [CP] Check Pods Manifest.lock */,
				421142B02415E58F00B71E07 /* Sources */,
				421142B12415E58F00B71E07 /* Frameworks */,
				421142B22415E58F00B71E07 /* Resources */,
				0E39EB9794D91F697DD30E78 /* [CP] Embed Pods Frameworks */,
			);
			buildRules = (
			);
			dependencies = (
			);
			name = "QQFundation-Swift";
			productName = "QQFundation-Swift";
			productReference = 421142B42415E58F00B71E07 /* QQFundation-Swift.app */;
			productType = "com.apple.product-type.application";
		};
		421142C92415E59100B71E07 /* QQFundation-SwiftTests */ = {
			isa = PBXNativeTarget;
			buildConfigurationList = 421142E12415E59200B71E07 /* Build configuration list for PBXNativeTarget "QQFundation-SwiftTests" */;
			buildPhases = (
				BBF5B8013D87F4FBD27DB0F6 /* [CP] Check Pods Manifest.lock */,
				421142C62415E59100B71E07 /* Sources */,
				421142C72415E59100B71E07 /* Frameworks */,
				421142C82415E59100B71E07 /* Resources */,
			);
			buildRules = (
			);
			dependencies = (
				421142CC2415E59200B71E07 /* PBXTargetDependency */,
			);
			name = "QQFundation-SwiftTests";
			productName = "QQFundation-SwiftTests";
			productReference = 421142CA2415E59200B71E07 /* QQFundation-SwiftTests.xctest */;
			productType = "com.apple.product-type.bundle.unit-test";
		};
		421142D42415E59200B71E07 /* QQFundation-SwiftUITests */ = {
			isa = PBXNativeTarget;
			buildConfigurationList = 421142E42415E59200B71E07 /* Build configuration list for PBXNativeTarget "QQFundation-SwiftUITests" */;
			buildPhases = (
				353B2D43C34EDA50962EE812 /* [CP] Check Pods Manifest.lock */,
				421142D12415E59200B71E07 /* Sources */,
				421142D22415E59200B71E07 /* Frameworks */,
				421142D32415E59200B71E07 /* Resources */,
				0D9EA3E84D62E5F1E41C8088 /* [CP] Embed Pods Frameworks */,
			);
			buildRules = (
			);
			dependencies = (
				421142D72415E59200B71E07 /* PBXTargetDependency */,
			);
			name = "QQFundation-SwiftUITests";
			productName = "QQFundation-SwiftUITests";
			productReference = 421142D52415E59200B71E07 /* QQFundation-SwiftUITests.xctest */;
			productType = "com.apple.product-type.bundle.ui-testing";
		};
/* End PBXNativeTarget section */

/* Begin PBXProject section */
		421142AC2415E58F00B71E07 /* Project object */ = {
			isa = PBXProject;
			attributes = {
				LastSwiftUpdateCheck = 1120;
				LastUpgradeCheck = 1120;
				ORGANIZATIONNAME = leaduadmin;
				TargetAttributes = {
					421142B32415E58F00B71E07 = {
						CreatedOnToolsVersion = 11.2.1;
						LastSwiftMigration = 1120;
					};
					421142C92415E59100B71E07 = {
						CreatedOnToolsVersion = 11.2.1;
						TestTargetID = 421142B32415E58F00B71E07;
					};
					421142D42415E59200B71E07 = {
						CreatedOnToolsVersion = 11.2.1;
						TestTargetID = 421142B32415E58F00B71E07;
					};
				};
			};
			buildConfigurationList = 421142AF2415E58F00B71E07 /* Build configuration list for PBXProject "QQFundation-Swift" */;
			compatibilityVersion = "Xcode 9.3";
			developmentRegion = en;
			hasScannedForEncodings = 0;
			knownRegions = (
				en,
				Base,
			);
			mainGroup = 421142AB2415E58F00B71E07;
			productRefGroup = 421142B52415E58F00B71E07 /* Products */;
			projectDirPath = "";
			projectRoot = "";
			targets = (
				421142B32415E58F00B71E07 /* QQFundation-Swift */,
				421142C92415E59100B71E07 /* QQFundation-SwiftTests */,
				421142D42415E59200B71E07 /* QQFundation-SwiftUITests */,
			);
		};
/* End PBXProject section */

/* Begin PBXResourcesBuildPhase section */
		421142B22415E58F00B71E07 /* Resources */ = {
			isa = PBXResourcesBuildPhase;
			buildActionMask = 2147483647;
			files = (
				427A3B3A241A361200FE162B /* multi_network_error_icon@2x.png in Resources */,
				6E81F8EF29D3D8A5002C9FB8 /* QYTestHeightViewController.xib in Resources */,
				42C40D232451388300359796 /* tab_launch@2x.png in Resources */,
				421142C42415E59100B71E07 /* LaunchScreen.storyboard in Resources */,
				421142C12415E59100B71E07 /* Assets.xcassets in Resources */,
				6EE7DE5829D2CC1C00AA5FE5 /* yuanerM.jpeg in Resources */,
				421142BF2415E58F00B71E07 /* Main.storyboard in Resources */,
				6E81F92F29D44E12002C9FB8 /* StackViewCell.xib in Resources */,
				427A3B39241A361200FE162B /* icon_em_al.png in Resources */,
			);
			runOnlyForDeploymentPostprocessing = 0;
		};
		421142C82415E59100B71E07 /* Resources */ = {
			isa = PBXResourcesBuildPhase;
			buildActionMask = 2147483647;
			files = (
			);
			runOnlyForDeploymentPostprocessing = 0;
		};
		421142D32415E59200B71E07 /* Resources */ = {
			isa = PBXResourcesBuildPhase;
			buildActionMask = 2147483647;
			files = (
			);
			runOnlyForDeploymentPostprocessing = 0;
		};
/* End PBXResourcesBuildPhase section */

/* Begin PBXShellScriptBuildPhase section */
		0D9EA3E84D62E5F1E41C8088 /* [CP] Embed Pods Frameworks */ = {
			isa = PBXShellScriptBuildPhase;
			buildActionMask = 2147483647;
			files = (
			);
			inputFileListPaths = (
				"${PODS_ROOT}/Target Support Files/Pods-QQFundation-Swift-QQFundation-SwiftUITests/Pods-QQFundation-Swift-QQFundation-SwiftUITests-frameworks-${CONFIGURATION}-input-files.xcfilelist",
			);
			name = "[CP] Embed Pods Frameworks";
			outputFileListPaths = (
				"${PODS_ROOT}/Target Support Files/Pods-QQFundation-Swift-QQFundation-SwiftUITests/Pods-QQFundation-Swift-QQFundation-SwiftUITests-frameworks-${CONFIGURATION}-output-files.xcfilelist",
			);
			runOnlyForDeploymentPostprocessing = 0;
			shellPath = /bin/sh;
			shellScript = "\"${PODS_ROOT}/Target Support Files/Pods-QQFundation-Swift-QQFundation-SwiftUITests/Pods-QQFundation-Swift-QQFundation-SwiftUITests-frameworks.sh\"\n";
			showEnvVarsInLog = 0;
		};
		0E39EB9794D91F697DD30E78 /* [CP] Embed Pods Frameworks */ = {
			isa = PBXShellScriptBuildPhase;
			buildActionMask = 2147483647;
			files = (
			);
			inputFileListPaths = (
				"${PODS_ROOT}/Target Support Files/Pods-QQFundation-Swift/Pods-QQFundation-Swift-frameworks-${CONFIGURATION}-input-files.xcfilelist",
			);
			name = "[CP] Embed Pods Frameworks";
			outputFileListPaths = (
				"${PODS_ROOT}/Target Support Files/Pods-QQFundation-Swift/Pods-QQFundation-Swift-frameworks-${CONFIGURATION}-output-files.xcfilelist",
			);
			runOnlyForDeploymentPostprocessing = 0;
			shellPath = /bin/sh;
			shellScript = "\"${PODS_ROOT}/Target Support Files/Pods-QQFundation-Swift/Pods-QQFundation-Swift-frameworks.sh\"\n";
			showEnvVarsInLog = 0;
		};
		353B2D43C34EDA50962EE812 /* [CP] Check Pods Manifest.lock */ = {
			isa = PBXShellScriptBuildPhase;
			buildActionMask = 2147483647;
			files = (
			);
			inputFileListPaths = (
			);
			inputPaths = (
				"${PODS_PODFILE_DIR_PATH}/Podfile.lock",
				"${PODS_ROOT}/Manifest.lock",
			);
			name = "[CP] Check Pods Manifest.lock";
			outputFileListPaths = (
			);
			outputPaths = (
				"$(DERIVED_FILE_DIR)/Pods-QQFundation-Swift-QQFundation-SwiftUITests-checkManifestLockResult.txt",
			);
			runOnlyForDeploymentPostprocessing = 0;
			shellPath = /bin/sh;
			shellScript = "diff \"${PODS_PODFILE_DIR_PATH}/Podfile.lock\" \"${PODS_ROOT}/Manifest.lock\" > /dev/null\nif [ $? != 0 ] ; then\n    # print error to STDERR\n    echo \"error: The sandbox is not in sync with the Podfile.lock. Run 'pod install' or update your CocoaPods installation.\" >&2\n    exit 1\nfi\n# This output is used by Xcode 'outputs' to avoid re-running this script phase.\necho \"SUCCESS\" > \"${SCRIPT_OUTPUT_FILE_0}\"\n";
			showEnvVarsInLog = 0;
		};
		BBF5B8013D87F4FBD27DB0F6 /* [CP] Check Pods Manifest.lock */ = {
			isa = PBXShellScriptBuildPhase;
			buildActionMask = 2147483647;
			files = (
			);
			inputFileListPaths = (
			);
			inputPaths = (
				"${PODS_PODFILE_DIR_PATH}/Podfile.lock",
				"${PODS_ROOT}/Manifest.lock",
			);
			name = "[CP] Check Pods Manifest.lock";
			outputFileListPaths = (
			);
			outputPaths = (
				"$(DERIVED_FILE_DIR)/Pods-QQFundation-SwiftTests-checkManifestLockResult.txt",
			);
			runOnlyForDeploymentPostprocessing = 0;
			shellPath = /bin/sh;
			shellScript = "diff \"${PODS_PODFILE_DIR_PATH}/Podfile.lock\" \"${PODS_ROOT}/Manifest.lock\" > /dev/null\nif [ $? != 0 ] ; then\n    # print error to STDERR\n    echo \"error: The sandbox is not in sync with the Podfile.lock. Run 'pod install' or update your CocoaPods installation.\" >&2\n    exit 1\nfi\n# This output is used by Xcode 'outputs' to avoid re-running this script phase.\necho \"SUCCESS\" > \"${SCRIPT_OUTPUT_FILE_0}\"\n";
			showEnvVarsInLog = 0;
		};
		BF64B374A514298C9099D4E4 /* [CP] Check Pods Manifest.lock */ = {
			isa = PBXShellScriptBuildPhase;
			buildActionMask = 2147483647;
			files = (
			);
			inputFileListPaths = (
			);
			inputPaths = (
				"${PODS_PODFILE_DIR_PATH}/Podfile.lock",
				"${PODS_ROOT}/Manifest.lock",
			);
			name = "[CP] Check Pods Manifest.lock";
			outputFileListPaths = (
			);
			outputPaths = (
				"$(DERIVED_FILE_DIR)/Pods-QQFundation-Swift-checkManifestLockResult.txt",
			);
			runOnlyForDeploymentPostprocessing = 0;
			shellPath = /bin/sh;
			shellScript = "diff \"${PODS_PODFILE_DIR_PATH}/Podfile.lock\" \"${PODS_ROOT}/Manifest.lock\" > /dev/null\nif [ $? != 0 ] ; then\n    # print error to STDERR\n    echo \"error: The sandbox is not in sync with the Podfile.lock. Run 'pod install' or update your CocoaPods installation.\" >&2\n    exit 1\nfi\n# This output is used by Xcode 'outputs' to avoid re-running this script phase.\necho \"SUCCESS\" > \"${SCRIPT_OUTPUT_FILE_0}\"\n";
			showEnvVarsInLog = 0;
		};
/* End PBXShellScriptBuildPhase section */

/* Begin PBXSourcesBuildPhase section */
		421142B02415E58F00B71E07 /* Sources */ = {
			isa = PBXSourcesBuildPhase;
			buildActionMask = 2147483647;
			files = (
				6E37989C29CD7A1300D3168D /* QYBaseNavViewController.swift in Sources */,
				427A3B282419CA9B00FE162B /* QQTableViewManager.swift in Sources */,
				6E81F93229D51CEB002C9FB8 /* QYCollectionView.swift in Sources */,
				6E37989829CD690200D3168D /* QYBaseViewController.swift in Sources */,
				427A3B3C241B19A700FE162B /* SelfAware.swift in Sources */,
				427A3B36241A2EB600FE162B /* QQTableView.swift in Sources */,
				427A3B2F2419D01200FE162B /* QQTableViewSecView.swift in Sources */,
				427A3B43241B613700FE162B /* UIButton+Chained.swift in Sources */,
				427A3B332419EB9200FE162B /* oneCell.swift in Sources */,
				6E81F93929D51EB9002C9FB8 /* QYCollectionViewCell.swift in Sources */,
				6E81F93F29D54FF7002C9FB8 /* CollectionViewCell.swift in Sources */,
				42DB5037245134CC0050869B /* HomeViewController.swift in Sources */,
				427A3B292419CA9B00FE162B /* QQTableViewItem.swift in Sources */,
				6E81F92E29D44E12002C9FB8 /* StackViewCell.swift in Sources */,
				427A3B45241B626600FE162B /* QQButton.swift in Sources */,
				42C40D252451389100359796 /* QQTabBarController.swift in Sources */,
				427A3B2D2419CFED00FE162B /* QQTableViewSecItem.swift in Sources */,
				6E81F93729D51E9F002C9FB8 /* QYCollectionViewItem.swift in Sources */,
				6EE7DE5529D1779300AA5FE5 /* QYNetManager.swift in Sources */,
				42DB5039245134D40050869B /* MineViewController.swift in Sources */,
				428CC885244473D6007F42B1 /* QQTool.swift in Sources */,
				6E37989F29CD8F7800D3168D /* QYBackNavViewController.swift in Sources */,
				427A3B2A2419CA9B00FE162B /* QQTableViewSection.swift in Sources */,
				427A3B2B2419CA9B00FE162B /* QQTableViewCell.swift in Sources */,
				42DB503B245134E50050869B /* SearchViewController.swift in Sources */,
				427A3B41241B527C00FE162B /* UIView+Frame.swift in Sources */,
				427A3B47241B7E7000FE162B /* UILabel+Chained.swift in Sources */,
				6E81F93B29D5357F002C9FB8 /* QYCollectionViewSection.swift in Sources */,
				6E81F8EE29D3D8A5002C9FB8 /* QYTestHeightViewController.swift in Sources */,
				42C40D1F2451387100359796 /* UITabBar+MCBigItem.swift in Sources */,
				42C40D222451388300359796 /* QQTabBarItem.swift in Sources */,
				427A3B312419DAC000FE162B /* TestTTView.swift in Sources */,
				6ECAEB1A29D566A80060AF00 /* CollectionReusableTwoView.swift in Sources */,
				6EE7DE4C29D12EAE00AA5FE5 /* QYTestLazyViewController.swift in Sources */,
				6ECAEB1829D5608F0060AF00 /* CollectionReusableView.swift in Sources */,
				4256C32A2418BEBB00B08EBF /* testCell.swift in Sources */,
				6E81F93D29D53B72002C9FB8 /* QYCollectionReusableView.swift in Sources */,
				6E37989A29CD6B3D00D3168D /* BaseDefine.swift in Sources */,
				6ECAEB1629D55AC80060AF00 /* QYCollectionReusableItem.swift in Sources */,
				6E81F93529D51D44002C9FB8 /* QYCollectionViewManager.swift in Sources */,
				421142B82415E58F00B71E07 /* AppDelegate.swift in Sources */,
			);
			runOnlyForDeploymentPostprocessing = 0;
		};
		421142C62415E59100B71E07 /* Sources */ = {
			isa = PBXSourcesBuildPhase;
			buildActionMask = 2147483647;
			files = (
				421142CF2415E59200B71E07 /* QQFundation_SwiftTests.swift in Sources */,
			);
			runOnlyForDeploymentPostprocessing = 0;
		};
		421142D12415E59200B71E07 /* Sources */ = {
			isa = PBXSourcesBuildPhase;
			buildActionMask = 2147483647;
			files = (
				421142DA2415E59200B71E07 /* QQFundation_SwiftUITests.swift in Sources */,
			);
			runOnlyForDeploymentPostprocessing = 0;
		};
/* End PBXSourcesBuildPhase section */

/* Begin PBXTargetDependency section */
		421142CC2415E59200B71E07 /* PBXTargetDependency */ = {
			isa = PBXTargetDependency;
			target = 421142B32415E58F00B71E07 /* QQFundation-Swift */;
			targetProxy = 421142CB2415E59200B71E07 /* PBXContainerItemProxy */;
		};
		421142D72415E59200B71E07 /* PBXTargetDependency */ = {
			isa = PBXTargetDependency;
			target = 421142B32415E58F00B71E07 /* QQFundation-Swift */;
			targetProxy = 421142D62415E59200B71E07 /* PBXContainerItemProxy */;
		};
/* End PBXTargetDependency section */

/* Begin PBXVariantGroup section */
		421142BD2415E58F00B71E07 /* Main.storyboard */ = {
			isa = PBXVariantGroup;
			children = (
				421142BE2415E58F00B71E07 /* Base */,
			);
			name = Main.storyboard;
			sourceTree = "<group>";
		};
		421142C22415E59100B71E07 /* LaunchScreen.storyboard */ = {
			isa = PBXVariantGroup;
			children = (
				421142C32415E59100B71E07 /* Base */,
			);
			name = LaunchScreen.storyboard;
			sourceTree = "<group>";
		};
/* End PBXVariantGroup section */

/* Begin XCBuildConfiguration section */
		421142DC2415E59200B71E07 /* Debug */ = {
			isa = XCBuildConfiguration;
			buildSettings = {
				ALWAYS_SEARCH_USER_PATHS = NO;
				CLANG_ANALYZER_NONNULL = YES;
				CLANG_ANALYZER_NUMBER_OBJECT_CONVERSION = YES_AGGRESSIVE;
				CLANG_CXX_LANGUAGE_STANDARD = "gnu++14";
				CLANG_CXX_LIBRARY = "libc++";
				CLANG_ENABLE_MODULES = YES;
				CLANG_ENABLE_OBJC_ARC = YES;
				CLANG_ENABLE_OBJC_WEAK = YES;
				CLANG_WARN_BLOCK_CAPTURE_AUTORELEASING = YES;
				CLANG_WARN_BOOL_CONVERSION = YES;
				CLANG_WARN_COMMA = YES;
				CLANG_WARN_CONSTANT_CONVERSION = YES;
				CLANG_WARN_DEPRECATED_OBJC_IMPLEMENTATIONS = YES;
				CLANG_WARN_DIRECT_OBJC_ISA_USAGE = YES_ERROR;
				CLANG_WARN_DOCUMENTATION_COMMENTS = YES;
				CLANG_WARN_EMPTY_BODY = YES;
				CLANG_WARN_ENUM_CONVERSION = YES;
				CLANG_WARN_INFINITE_RECURSION = YES;
				CLANG_WARN_INT_CONVERSION = YES;
				CLANG_WARN_NON_LITERAL_NULL_CONVERSION = YES;
				CLANG_WARN_OBJC_IMPLICIT_RETAIN_SELF = YES;
				CLANG_WARN_OBJC_LITERAL_CONVERSION = YES;
				CLANG_WARN_OBJC_ROOT_CLASS = YES_ERROR;
				CLANG_WARN_RANGE_LOOP_ANALYSIS = YES;
				CLANG_WARN_STRICT_PROTOTYPES = YES;
				CLANG_WARN_SUSPICIOUS_MOVE = YES;
				CLANG_WARN_UNGUARDED_AVAILABILITY = YES_AGGRESSIVE;
				CLANG_WARN_UNREACHABLE_CODE = YES;
				CLANG_WARN__DUPLICATE_METHOD_MATCH = YES;
				COPY_PHASE_STRIP = NO;
				DEBUG_INFORMATION_FORMAT = dwarf;
				ENABLE_STRICT_OBJC_MSGSEND = YES;
				ENABLE_TESTABILITY = YES;
				GCC_C_LANGUAGE_STANDARD = gnu11;
				GCC_DYNAMIC_NO_PIC = NO;
				GCC_NO_COMMON_BLOCKS = YES;
				GCC_OPTIMIZATION_LEVEL = 0;
				GCC_PREPROCESSOR_DEFINITIONS = (
					"DEBUG=1",
					"$(inherited)",
				);
				GCC_WARN_64_TO_32_BIT_CONVERSION = YES;
				GCC_WARN_ABOUT_RETURN_TYPE = YES_ERROR;
				GCC_WARN_UNDECLARED_SELECTOR = YES;
				GCC_WARN_UNINITIALIZED_AUTOS = YES_AGGRESSIVE;
				GCC_WARN_UNUSED_FUNCTION = YES;
				GCC_WARN_UNUSED_VARIABLE = YES;
				IPHONEOS_DEPLOYMENT_TARGET = 13.2;
				MTL_ENABLE_DEBUG_INFO = INCLUDE_SOURCE;
				MTL_FAST_MATH = YES;
				ONLY_ACTIVE_ARCH = YES;
				SDKROOT = iphoneos;
				SWIFT_ACTIVE_COMPILATION_CONDITIONS = DEBUG;
				SWIFT_OPTIMIZATION_LEVEL = "-Onone";
			};
			name = Debug;
		};
		421142DD2415E59200B71E07 /* Release */ = {
			isa = XCBuildConfiguration;
			buildSettings = {
				ALWAYS_SEARCH_USER_PATHS = NO;
				CLANG_ANALYZER_NONNULL = YES;
				CLANG_ANALYZER_NUMBER_OBJECT_CONVERSION = YES_AGGRESSIVE;
				CLANG_CXX_LANGUAGE_STANDARD = "gnu++14";
				CLANG_CXX_LIBRARY = "libc++";
				CLANG_ENABLE_MODULES = YES;
				CLANG_ENABLE_OBJC_ARC = YES;
				CLANG_ENABLE_OBJC_WEAK = YES;
				CLANG_WARN_BLOCK_CAPTURE_AUTORELEASING = YES;
				CLANG_WARN_BOOL_CONVERSION = YES;
				CLANG_WARN_COMMA = YES;
				CLANG_WARN_CONSTANT_CONVERSION = YES;
				CLANG_WARN_DEPRECATED_OBJC_IMPLEMENTATIONS = YES;
				CLANG_WARN_DIRECT_OBJC_ISA_USAGE = YES_ERROR;
				CLANG_WARN_DOCUMENTATION_COMMENTS = YES;
				CLANG_WARN_EMPTY_BODY = YES;
				CLANG_WARN_ENUM_CONVERSION = YES;
				CLANG_WARN_INFINITE_RECURSION = YES;
				CLANG_WARN_INT_CONVERSION = YES;
				CLANG_WARN_NON_LITERAL_NULL_CONVERSION = YES;
				CLANG_WARN_OBJC_IMPLICIT_RETAIN_SELF = YES;
				CLANG_WARN_OBJC_LITERAL_CONVERSION = YES;
				CLANG_WARN_OBJC_ROOT_CLASS = YES_ERROR;
				CLANG_WARN_RANGE_LOOP_ANALYSIS = YES;
				CLANG_WARN_STRICT_PROTOTYPES = YES;
				CLANG_WARN_SUSPICIOUS_MOVE = YES;
				CLANG_WARN_UNGUARDED_AVAILABILITY = YES_AGGRESSIVE;
				CLANG_WARN_UNREACHABLE_CODE = YES;
				CLANG_WARN__DUPLICATE_METHOD_MATCH = YES;
				COPY_PHASE_STRIP = NO;
				DEBUG_INFORMATION_FORMAT = "dwarf-with-dsym";
				ENABLE_NS_ASSERTIONS = NO;
				ENABLE_STRICT_OBJC_MSGSEND = YES;
				GCC_C_LANGUAGE_STANDARD = gnu11;
				GCC_NO_COMMON_BLOCKS = YES;
				GCC_WARN_64_TO_32_BIT_CONVERSION = YES;
				GCC_WARN_ABOUT_RETURN_TYPE = YES_ERROR;
				GCC_WARN_UNDECLARED_SELECTOR = YES;
				GCC_WARN_UNINITIALIZED_AUTOS = YES_AGGRESSIVE;
				GCC_WARN_UNUSED_FUNCTION = YES;
				GCC_WARN_UNUSED_VARIABLE = YES;
				IPHONEOS_DEPLOYMENT_TARGET = 13.2;
				MTL_ENABLE_DEBUG_INFO = NO;
				MTL_FAST_MATH = YES;
				SDKROOT = iphoneos;
				SWIFT_COMPILATION_MODE = wholemodule;
				SWIFT_OPTIMIZATION_LEVEL = "-O";
				VALIDATE_PRODUCT = YES;
			};
			name = Release;
		};
		421142DF2415E59200B71E07 /* Debug */ = {
			isa = XCBuildConfiguration;
			baseConfigurationReference = C02D96EDFBE5DCDCF7D99E70 /* Pods-QQFundation-Swift.debug.xcconfig */;
			buildSettings = {
				ASSETCATALOG_COMPILER_APPICON_NAME = AppIcon;
				CLANG_ENABLE_MODULES = YES;
				CODE_SIGN_STYLE = Automatic;
				DEVELOPMENT_TEAM = L4674B5247;
				INFOPLIST_FILE = "QQFundation-Swift/Info.plist";
				IPHONEOS_DEPLOYMENT_TARGET = 11.0;
				LD_RUNPATH_SEARCH_PATHS = (
					"$(inherited)",
					"@executable_path/Frameworks",
				);
				PRODUCT_BUNDLE_IDENTIFIER = "QQ.QQFundatio-Swift";
				PRODUCT_NAME = "$(TARGET_NAME)";
				SWIFT_OBJC_BRIDGING_HEADER = "QQFundation-Swift/QQTableView/QQFundation-Swift-Bridging-Header.h";
				SWIFT_OPTIMIZATION_LEVEL = "-Onone";
				SWIFT_VERSION = 5.0;
				TARGETED_DEVICE_FAMILY = 1;
			};
			name = Debug;
		};
		421142E02415E59200B71E07 /* Release */ = {
			isa = XCBuildConfiguration;
			baseConfigurationReference = BEBEAB89392D7A21CC6DC90F /* Pods-QQFundation-Swift.release.xcconfig */;
			buildSettings = {
				ASSETCATALOG_COMPILER_APPICON_NAME = AppIcon;
				CLANG_ENABLE_MODULES = YES;
				CODE_SIGN_STYLE = Automatic;
				DEVELOPMENT_TEAM = L4674B5247;
				INFOPLIST_FILE = "QQFundation-Swift/Info.plist";
				IPHONEOS_DEPLOYMENT_TARGET = 11.0;
				LD_RUNPATH_SEARCH_PATHS = (
					"$(inherited)",
					"@executable_path/Frameworks",
				);
				PRODUCT_BUNDLE_IDENTIFIER = "QQ.QQFundatio-Swift";
				PRODUCT_NAME = "$(TARGET_NAME)";
				SWIFT_OBJC_BRIDGING_HEADER = "QQFundation-Swift/QQTableView/QQFundation-Swift-Bridging-Header.h";
				SWIFT_VERSION = 5.0;
				TARGETED_DEVICE_FAMILY = 1;
			};
			name = Release;
		};
		421142E22415E59200B71E07 /* Debug */ = {
			isa = XCBuildConfiguration;
			baseConfigurationReference = CE464B38D2AFC8779E8A29A4 /* Pods-QQFundation-SwiftTests.debug.xcconfig */;
			buildSettings = {
				ALWAYS_EMBED_SWIFT_STANDARD_LIBRARIES = YES;
				BUNDLE_LOADER = "$(TEST_HOST)";
				CODE_SIGN_STYLE = Automatic;
				INFOPLIST_FILE = "QQFundation-SwiftTests/Info.plist";
				IPHONEOS_DEPLOYMENT_TARGET = 13.2;
				LD_RUNPATH_SEARCH_PATHS = (
					"$(inherited)",
					"@executable_path/Frameworks",
					"@loader_path/Frameworks",
				);
				PRODUCT_BUNDLE_IDENTIFIER = "QQ.QQFundation-SwiftTests";
				PRODUCT_NAME = "$(TARGET_NAME)";
				SWIFT_VERSION = 5.0;
				TARGETED_DEVICE_FAMILY = "1,2";
				TEST_HOST = "$(BUILT_PRODUCTS_DIR)/QQFundation-Swift.app/QQFundation-Swift";
			};
			name = Debug;
		};
		421142E32415E59200B71E07 /* Release */ = {
			isa = XCBuildConfiguration;
			baseConfigurationReference = 1C9CA18559204003745AD036 /* Pods-QQFundation-SwiftTests.release.xcconfig */;
			buildSettings = {
				ALWAYS_EMBED_SWIFT_STANDARD_LIBRARIES = YES;
				BUNDLE_LOADER = "$(TEST_HOST)";
				CODE_SIGN_STYLE = Automatic;
				INFOPLIST_FILE = "QQFundation-SwiftTests/Info.plist";
				IPHONEOS_DEPLOYMENT_TARGET = 13.2;
				LD_RUNPATH_SEARCH_PATHS = (
					"$(inherited)",
					"@executable_path/Frameworks",
					"@loader_path/Frameworks",
				);
				PRODUCT_BUNDLE_IDENTIFIER = "QQ.QQFundation-SwiftTests";
				PRODUCT_NAME = "$(TARGET_NAME)";
				SWIFT_VERSION = 5.0;
				TARGETED_DEVICE_FAMILY = "1,2";
				TEST_HOST = "$(BUILT_PRODUCTS_DIR)/QQFundation-Swift.app/QQFundation-Swift";
			};
			name = Release;
		};
		421142E52415E59200B71E07 /* Debug */ = {
			isa = XCBuildConfiguration;
			baseConfigurationReference = 2D23A86189517CA26F21555B /* Pods-QQFundation-Swift-QQFundation-SwiftUITests.debug.xcconfig */;
			buildSettings = {
				ALWAYS_EMBED_SWIFT_STANDARD_LIBRARIES = YES;
				CODE_SIGN_STYLE = Automatic;
				INFOPLIST_FILE = "QQFundation-SwiftUITests/Info.plist";
				LD_RUNPATH_SEARCH_PATHS = (
					"$(inherited)",
					"@executable_path/Frameworks",
					"@loader_path/Frameworks",
				);
				PRODUCT_BUNDLE_IDENTIFIER = "QQ.QQFundation-SwiftUITests";
				PRODUCT_NAME = "$(TARGET_NAME)";
				SWIFT_VERSION = 5.0;
				TARGETED_DEVICE_FAMILY = "1,2";
				TEST_TARGET_NAME = "QQFundation-Swift";
			};
			name = Debug;
		};
		421142E62415E59200B71E07 /* Release */ = {
			isa = XCBuildConfiguration;
			baseConfigurationReference = 23FFDF1AB9BDE15F4CE78118 /* Pods-QQFundation-Swift-QQFundation-SwiftUITests.release.xcconfig */;
			buildSettings = {
				ALWAYS_EMBED_SWIFT_STANDARD_LIBRARIES = YES;
				CODE_SIGN_STYLE = Automatic;
				INFOPLIST_FILE = "QQFundation-SwiftUITests/Info.plist";
				LD_RUNPATH_SEARCH_PATHS = (
					"$(inherited)",
					"@executable_path/Frameworks",
					"@loader_path/Frameworks",
				);
				PRODUCT_BUNDLE_IDENTIFIER = "QQ.QQFundation-SwiftUITests";
				PRODUCT_NAME = "$(TARGET_NAME)";
				SWIFT_VERSION = 5.0;
				TARGETED_DEVICE_FAMILY = "1,2";
				TEST_TARGET_NAME = "QQFundation-Swift";
			};
			name = Release;
		};
/* End XCBuildConfiguration section */

/* Begin XCConfigurationList section */
		421142AF2415E58F00B71E07 /* Build configuration list for PBXProject "QQFundation-Swift" */ = {
			isa = XCConfigurationList;
			buildConfigurations = (
				421142DC2415E59200B71E07 /* Debug */,
				421142DD2415E59200B71E07 /* Release */,
			);
			defaultConfigurationIsVisible = 0;
			defaultConfigurationName = Release;
		};
		421142DE2415E59200B71E07 /* Build configuration list for PBXNativeTarget "QQFundation-Swift" */ = {
			isa = XCConfigurationList;
			buildConfigurations = (
				421142DF2415E59200B71E07 /* Debug */,
				421142E02415E59200B71E07 /* Release */,
			);
			defaultConfigurationIsVisible = 0;
			defaultConfigurationName = Release;
		};
		421142E12415E59200B71E07 /* Build configuration list for PBXNativeTarget "QQFundation-SwiftTests" */ = {
			isa = XCConfigurationList;
			buildConfigurations = (
				421142E22415E59200B71E07 /* Debug */,
				421142E32415E59200B71E07 /* Release */,
			);
			defaultConfigurationIsVisible = 0;
			defaultConfigurationName = Release;
		};
		421142E42415E59200B71E07 /* Build configuration list for PBXNativeTarget "QQFundation-SwiftUITests" */ = {
			isa = XCConfigurationList;
			buildConfigurations = (
				421142E52415E59200B71E07 /* Debug */,
				421142E62415E59200B71E07 /* Release */,
			);
			defaultConfigurationIsVisible = 0;
			defaultConfigurationName = Release;
		};
/* End XCConfigurationList section */
	};
	rootObject = 421142AC2415E58F00B71E07 /* Project object */;
}
